
Microsoft Visual Studio Solution File, Format Version 12.00
# Visual Studio Version 16
VisualStudioVersion = 16.0.29728.190
MinimumVisualStudioVersion = 10.0.40219.1
Project("{FAE04EC0-301F-11D3-BF4B-00C04F79EFBC}") = "Eve.TapToClick", "Eve.TapToClick\Eve.TapToClick.csproj", "{34B74ED8-1362-4F02-BA0E-4F09F64EB567}"
EndProject
Global
	GlobalSection(SolutionConfigurationPlatforms) = preSolution
		Debug|Any CPU = Debug|Any CPU
		Release|Any CPU = Release|Any CPU
	EndGlobalSection
	GlobalSection(ProjectConfigurationPlatforms) = postSolution
		{34B74ED8-1362-4F02-BA0E-4F09F64EB567}.Debug|Any CPU.ActiveCfg = Debug|Any CPU
		{34B74ED8-1362-4F02-BA0E-4F09F64EB567}.Debug|Any CPU.Build.0 = Debug|Any CPU
		{34B74ED8-1362-4F02-BA0E-4F09F64EB567}.Release|Any CPU.ActiveCfg = Release|Any CPU
		{34B74ED8-1362-4F02-BA0E-4F09F64EB567}.Release|Any CPU.Build.0 = Release|Any CPU
	EndGlobalSection
	GlobalSection(SolutionProperties) = preSolution
		HideSolutionNode = FALSE
	EndGlobalSection
	GlobalSection(ExtensibilityGlobals) = postSolution
		SolutionGuid = {F25785EB-4D88-40C2-B33A-A8F4E8F28240}
	EndGlobalSection
EndGlobal
